
Microsoft Visual Studio Solution File, Format Version 12.00
# Visual Studio Version 16
VisualStudioVersion = 16.0.31702.278
MinimumVisualStudioVersion = 10.0.40219.1
Project("{FAE04EC0-301F-11D3-BF4B-00C04F79EFBC}") = "VolvoCaminhoes.Web", "VolvoCaminhoes.Web\VolvoCaminhoes.Web.csproj", "{EB097A72-DEAE-4C09-8D3C-0B9F21A2BB84}"
EndProject
Project("{FAE04EC0-301F-11D3-BF4B-00C04F79EFBC}") = "VolvoCaminhoes.Manager", "VolvoCaminhoes.Manager\VolvoCaminhoes.Manager.csproj", "{7D891747-1F43-429A-B228-9CED512B0F3B}"
EndProject
Project("{FAE04EC0-301F-11D3-BF4B-00C04F79EFBC}") = "VolvoCaminhoes.Repository", "VolvoCaminhoes.Repository\VolvoCaminhoes.Repository.csproj", "{83476A87-B6B9-4FB8-92A8-7455B4892904}"
EndProject
Project("{FAE04EC0-301F-11D3-BF4B-00C04F79EFBC}") = "VolvoCaminhoes.Tests", "VolvoCaminhoes.Tests\VolvoCaminhoes.Tests.csproj", "{16D9CDDB-6EF9-4679-B922-7CC4797374EE}"
EndProject
Global
	GlobalSection(SolutionConfigurationPlatforms) = preSolution
		Debug|Any CPU = Debug|Any CPU
		Release|Any CPU = Release|Any CPU
	EndGlobalSection
	GlobalSection(ProjectConfigurationPlatforms) = postSolution
		{EB097A72-DEAE-4C09-8D3C-0B9F21A2BB84}.Debug|Any CPU.ActiveCfg = Debug|Any CPU
		{EB097A72-DEAE-4C09-8D3C-0B9F21A2BB84}.Debug|Any CPU.Build.0 = Debug|Any CPU
		{EB097A72-DEAE-4C09-8D3C-0B9F21A2BB84}.Release|Any CPU.ActiveCfg = Release|Any CPU
		{EB097A72-DEAE-4C09-8D3C-0B9F21A2BB84}.Release|Any CPU.Build.0 = Release|Any CPU
		{7D891747-1F43-429A-B228-9CED512B0F3B}.Debug|Any CPU.ActiveCfg = Debug|Any CPU
		{7D891747-1F43-429A-B228-9CED512B0F3B}.Debug|Any CPU.Build.0 = Debug|Any CPU
		{7D891747-1F43-429A-B228-9CED512B0F3B}.Release|Any CPU.ActiveCfg = Release|Any CPU
		{7D891747-1F43-429A-B228-9CED512B0F3B}.Release|Any CPU.Build.0 = Release|Any CPU
		{83476A87-B6B9-4FB8-92A8-7455B4892904}.Debug|Any CPU.ActiveCfg = Debug|Any CPU
		{83476A87-B6B9-4FB8-92A8-7455B4892904}.Debug|Any CPU.Build.0 = Debug|Any CPU
		{83476A87-B6B9-4FB8-92A8-7455B4892904}.Release|Any CPU.ActiveCfg = Release|Any CPU
		{83476A87-B6B9-4FB8-92A8-7455B4892904}.Release|Any CPU.Build.0 = Release|Any CPU
		{16D9CDDB-6EF9-4679-B922-7CC4797374EE}.Debug|Any CPU.ActiveCfg = Debug|Any CPU
		{16D9CDDB-6EF9-4679-B922-7CC4797374EE}.Debug|Any CPU.Build.0 = Debug|Any CPU
		{16D9CDDB-6EF9-4679-B922-7CC4797374EE}.Release|Any CPU.ActiveCfg = Release|Any CPU
		{16D9CDDB-6EF9-4679-B922-7CC4797374EE}.Release|Any CPU.Build.0 = Release|Any CPU
	EndGlobalSection
	GlobalSection(SolutionProperties) = preSolution
		HideSolutionNode = FALSE
	EndGlobalSection
	GlobalSection(ExtensibilityGlobals) = postSolution
		SolutionGuid = {ACA43B3B-9EFB-4C91-A90A-9AA016114591}
	EndGlobalSection
EndGlobal
